{
  "version": 4,
  "terraform_version": "1.3.2",
  "serial": 223,
  "lineage": "0f7fa7d2-a027-7c23-e471-adfc621ad356",
  "outputs": {},
  "resources": [
    {
      "module": "module.connect_instance",
      "mode": "managed",
      "type": "aws_connect_instance",
      "name": "connect_instance",
      "provider": "provider[\"registry.terraform.io/hashicorp/aws\"]",
      "instances": [
        {
          "schema_version": 0,
          "attributes": {
            "arn": "arn:aws:connect:us-east-1:083407797149:instance/c3e54131-6185-4b13-b0a1-7e0c4eab8a14",
            "auto_resolve_best_voices_enabled": true,
            "contact_flow_logs_enabled": false,
            "contact_lens_enabled": true,
            "created_time": "2023-03-16T01:01:56Z",
            "directory_id": null,
            "early_media_enabled": true,
            "id": "c3e54131-6185-4b13-b0a1-7e0c4eab8a14",
            "identity_management_type": "SAML",
            "inbound_calls_enabled": true,
            "instance_alias": "opp-connect-instance",
            "multi_party_conference_enabled": false,
            "outbound_calls_enabled": true,
            "service_role": "arn:aws:iam::083407797149:role/aws-service-role/connect.amazonaws.com/AWSServiceRoleForAmazonConnect_qtqaHeu7A30nJOAYXyyy",
            "status": "ACTIVE",
            "timeouts": null
          },
          "sensitive_attributes": [],
          "private": "eyJlMmJmYjczMC1lY2FhLTExZTYtOGY4OC0zNDM2M2JjN2M0YzAiOnsiY3JlYXRlIjozMDAwMDAwMDAwMDAsImRlbGV0ZSI6MzAwMDAwMDAwMDAwfX0="
        }
      ]
    },
    {
      "module": "module.connect_quick_connects",
      "mode": "managed",
      "type": "aws_connect_quick_connect",
      "name": "connect_quick_connect",
      "provider": "provider[\"registry.terraform.io/hashicorp/aws\"]",
      "instances": [
        {
          "schema_version": 0,
          "attributes": {
            "arn": "arn:aws:connect:us-east-1:083407797149:instance/c3e54131-6185-4b13-b0a1-7e0c4eab8a14/transfer-destination/38a25c71-411a-44a0-ad6c-e3f78baefa83",
            "description": "My Amazon Connect quick connect",
            "id": "c3e54131-6185-4b13-b0a1-7e0c4eab8a14:38a25c71-411a-44a0-ad6c-e3f78baefa83",
            "instance_id": "c3e54131-6185-4b13-b0a1-7e0c4eab8a14",
            "name": "prod quick connect",
            "quick_connect_config": [
              {
                "phone_config": [
                  {
                    "phone_number": "+12404929603"
                  }
                ],
                "queue_config": [],
                "quick_connect_type": "PHONE_NUMBER",
                "user_config": []
              }
            ],
            "quick_connect_id": "38a25c71-411a-44a0-ad6c-e3f78baefa83",
            "tags": {
              "Department": "IT",
              "Environment": "Production",
              "Owner": "OP"
            },
            "tags_all": {
              "Department": "IT",
              "Environment": "Production",
              "Owner": "OP"
            }
          },
          "sensitive_attributes": [],
          "private": "bnVsbA==",
          "dependencies": [
            "module.connect_instance.aws_connect_instance.connect_instance"
          ]
        }
      ]
    },
    {
      "module": "module.connect_security_profile",
      "mode": "managed",
      "type": "aws_connect_security_profile",
      "name": "connect_security_profile",
      "provider": "provider[\"registry.terraform.io/hashicorp/aws\"]",
      "instances": [
        {
          "schema_version": 0,
          "attributes": {
            "arn": "arn:aws:connect:us-east-1:083407797149:instance/c3e54131-6185-4b13-b0a1-7e0c4eab8a14/security-profile/c20ed953-640f-4123-86d6-482a1fffafb4",
            "description": "My Amazon Connect security profile",
            "id": "c3e54131-6185-4b13-b0a1-7e0c4eab8a14:c20ed953-640f-4123-86d6-482a1fffafb4",
            "instance_id": "c3e54131-6185-4b13-b0a1-7e0c4eab8a14",
            "name": "OP-security-profile",
            "organization_resource_id": "c3e54131-6185-4b13-b0a1-7e0c4eab8a14",
            "permissions": null,
            "security_profile_id": "c20ed953-640f-4123-86d6-482a1fffafb4",
            "tags": {
              "Department": "IT",
              "Environment": "Production",
              "Owner": "OP"
            },
            "tags_all": {
              "Department": "IT",
              "Environment": "Production",
              "Owner": "OP"
            }
          },
          "sensitive_attributes": [],
          "private": "bnVsbA==",
          "dependencies": [
            "module.connect_instance.aws_connect_instance.connect_instance"
          ]
        }
      ]
    },
    {
      "module": "module.hierarchy_structure",
      "mode": "managed",
      "type": "aws_connect_user_hierarchy_structure",
      "name": "hierarchy_structure",
      "provider": "provider[\"registry.terraform.io/hashicorp/aws\"]",
      "instances": [
        {
          "schema_version": 0,
          "attributes": {
            "hierarchy_structure": [
              {
                "level_five": [
                  {
                    "arn": "arn:aws:connect:us-east-1:083407797149:instance/c3e54131-6185-4b13-b0a1-7e0c4eab8a14/agent-group-level/5",
                    "id": "dfaaa2e9-dcc5-4d68-9e34-29be228f0cc7",
                    "name": "levelfive"
                  }
                ],
                "level_four": [
                  {
                    "arn": "arn:aws:connect:us-east-1:083407797149:instance/c3e54131-6185-4b13-b0a1-7e0c4eab8a14/agent-group-level/4",
                    "id": "a2671ab6-a4eb-408c-abbc-e1731f4b64cb",
                    "name": "levelfour"
                  }
                ],
                "level_one": [
                  {
                    "arn": "arn:aws:connect:us-east-1:083407797149:instance/c3e54131-6185-4b13-b0a1-7e0c4eab8a14/agent-group-level/1",
                    "id": "9006b641-55bc-42fd-b0a9-b2089a97e221",
                    "name": "levelone"
                  }
                ],
                "level_three": [
                  {
                    "arn": "arn:aws:connect:us-east-1:083407797149:instance/c3e54131-6185-4b13-b0a1-7e0c4eab8a14/agent-group-level/3",
                    "id": "4d296618-8ac4-44ed-9f72-be67ece13513",
                    "name": "levelthree"
                  }
                ],
                "level_two": [
                  {
                    "arn": "arn:aws:connect:us-east-1:083407797149:instance/c3e54131-6185-4b13-b0a1-7e0c4eab8a14/agent-group-level/2",
                    "id": "f6b39aa7-7425-4b66-9d24-58a8982fa65e",
                    "name": "leveltwo"
                  }
                ]
              }
            ],
            "id": "c3e54131-6185-4b13-b0a1-7e0c4eab8a14",
            "instance_id": "c3e54131-6185-4b13-b0a1-7e0c4eab8a14"
          },
          "sensitive_attributes": [],
          "private": "bnVsbA==",
          "dependencies": [
            "module.connect_instance.aws_connect_instance.connect_instance"
          ]
        }
      ]
    }
  ],
  "check_results": []
}
