{
  "version": 4,
  "terraform_version": "1.3.2",
  "serial": 9,
  "lineage": "0f7fa7d2-a027-7c23-e471-adfc621ad356",
  "outputs": {},
  "resources": [
    {
      "module": "module.connect_instance",
      "mode": "managed",
      "type": "aws_connect_instance",
      "name": "connect_instance",
      "provider": "provider[\"registry.terraform.io/hashicorp/aws\"]",
      "instances": [
        {
          "schema_version": 0,
          "attributes": {
            "arn": "arn:aws:connect:us-east-1:083407797149:instance/e78f3365-6971-4687-b40f-b277119bb1e6",
            "auto_resolve_best_voices_enabled": true,
            "contact_flow_logs_enabled": false,
            "contact_lens_enabled": true,
            "created_time": "2023-03-08T06:34:23Z",
            "directory_id": null,
            "early_media_enabled": true,
            "id": "e78f3365-6971-4687-b40f-b277119bb1e6",
            "identity_management_type": "CONNECT_MANAGED",
            "inbound_calls_enabled": true,
            "instance_alias": "connect-instance-poc",
            "multi_party_conference_enabled": true,
            "outbound_calls_enabled": true,
            "service_role": "arn:aws:iam::083407797149:role/aws-service-role/connect.amazonaws.com/AWSServiceRoleForAmazonConnect_b2bVvKPcFh0ESXa1pyew",
            "status": "ACTIVE",
            "timeouts": null
          },
          "sensitive_attributes": [],
          "private": "eyJlMmJmYjczMC1lY2FhLTExZTYtOGY4OC0zNDM2M2JjN2M0YzAiOnsiY3JlYXRlIjozMDAwMDAwMDAwMDAsImRlbGV0ZSI6MzAwMDAwMDAwMDAwfX0="
        }
      ]
    }
  ],
  "check_results": []
}
