{
  "version": 4,
  "terraform_version": "1.3.2",
  "serial": 186,
  "lineage": "0f7fa7d2-a027-7c23-e471-adfc621ad356",
  "outputs": {},
  "resources": [
    {
      "module": "module.connect_instance",
      "mode": "managed",
      "type": "aws_connect_instance",
      "name": "connect_instance",
      "provider": "provider[\"registry.terraform.io/hashicorp/aws\"]",
      "instances": [
        {
          "schema_version": 0,
          "attributes": {
            "arn": "arn:aws:connect:us-east-1:083407797149:instance/0b908b8d-8be9-47d9-99a1-2b462032dc3e",
            "auto_resolve_best_voices_enabled": true,
            "contact_flow_logs_enabled": false,
            "contact_lens_enabled": true,
            "created_time": "2023-03-13T01:28:09Z",
            "directory_id": null,
            "early_media_enabled": true,
            "id": "0b908b8d-8be9-47d9-99a1-2b462032dc3e",
            "identity_management_type": "SAML",
            "inbound_calls_enabled": true,
            "instance_alias": "opp-connect-instance",
            "multi_party_conference_enabled": false,
            "outbound_calls_enabled": true,
            "service_role": "arn:aws:iam::083407797149:role/aws-service-role/connect.amazonaws.com/AWSServiceRoleForAmazonConnect_Xdej1b1iwtAOk5ER94j2",
            "status": "ACTIVE",
            "timeouts": null
          },
          "sensitive_attributes": [],
          "private": "eyJlMmJmYjczMC1lY2FhLTExZTYtOGY4OC0zNDM2M2JjN2M0YzAiOnsiY3JlYXRlIjozMDAwMDAwMDAwMDAsImRlbGV0ZSI6MzAwMDAwMDAwMDAwfX0="
        }
      ]
    },
    {
      "module": "module.connect_quick_connects",
      "mode": "managed",
      "type": "aws_connect_quick_connect",
      "name": "connect_quick_connect",
      "provider": "provider[\"registry.terraform.io/hashicorp/aws\"]",
      "instances": [
        {
          "schema_version": 0,
          "attributes": {
            "arn": "arn:aws:connect:us-east-1:083407797149:instance/0b908b8d-8be9-47d9-99a1-2b462032dc3e/transfer-destination/16f6e91f-4dcb-4b42-8506-08a2e07f5ef9",
            "description": "My Amazon Connect quick connect",
            "id": "0b908b8d-8be9-47d9-99a1-2b462032dc3e:16f6e91f-4dcb-4b42-8506-08a2e07f5ef9",
            "instance_id": "0b908b8d-8be9-47d9-99a1-2b462032dc3e",
            "name": "prod quick connect",
            "quick_connect_config": [
              {
                "phone_config": [
                  {
                    "phone_number": "+12404929603"
                  }
                ],
                "queue_config": [],
                "quick_connect_type": "PHONE_NUMBER",
                "user_config": []
              }
            ],
            "quick_connect_id": "16f6e91f-4dcb-4b42-8506-08a2e07f5ef9",
            "tags": {
              "Department": "IT",
              "Environment": "Production",
              "Owner": "OP"
            },
            "tags_all": {
              "Department": "IT",
              "Environment": "Production",
              "Owner": "OP"
            }
          },
          "sensitive_attributes": [],
          "private": "bnVsbA==",
          "dependencies": [
            "module.connect_instance.aws_connect_instance.connect_instance"
          ]
        }
      ]
    },
    {
      "module": "module.connect_security_profile",
      "mode": "managed",
      "type": "aws_connect_security_profile",
      "name": "connect_security_profile",
      "provider": "provider[\"registry.terraform.io/hashicorp/aws\"]",
      "instances": [
        {
          "schema_version": 0,
          "attributes": {
            "arn": "arn:aws:connect:us-east-1:083407797149:instance/0b908b8d-8be9-47d9-99a1-2b462032dc3e/security-profile/135fe5ab-5281-44a5-866c-98a190382b13",
            "description": "My Amazon Connect security profile",
            "id": "0b908b8d-8be9-47d9-99a1-2b462032dc3e:135fe5ab-5281-44a5-866c-98a190382b13",
            "instance_id": "0b908b8d-8be9-47d9-99a1-2b462032dc3e",
            "name": "OP-security-profile",
            "organization_resource_id": "0b908b8d-8be9-47d9-99a1-2b462032dc3e",
            "permissions": null,
            "security_profile_id": "135fe5ab-5281-44a5-866c-98a190382b13",
            "tags": {
              "Department": "IT",
              "Environment": "Production",
              "Owner": "OP"
            },
            "tags_all": {
              "Department": "IT",
              "Environment": "Production",
              "Owner": "OP"
            }
          },
          "sensitive_attributes": [],
          "private": "bnVsbA==",
          "dependencies": [
            "module.connect_instance.aws_connect_instance.connect_instance"
          ]
        }
      ]
    },
    {
      "module": "module.hierarchy_structure",
      "mode": "managed",
      "type": "aws_connect_user_hierarchy_structure",
      "name": "hierarchy_structure",
      "provider": "provider[\"registry.terraform.io/hashicorp/aws\"]",
      "instances": [
        {
          "schema_version": 0,
          "attributes": {
            "hierarchy_structure": [
              {
                "level_five": [
                  {
                    "arn": "arn:aws:connect:us-east-1:083407797149:instance/0b908b8d-8be9-47d9-99a1-2b462032dc3e/agent-group-level/5",
                    "id": "1a64e71d-cc2e-44f3-b81c-801187c026df",
                    "name": "levelfive"
                  }
                ],
                "level_four": [
                  {
                    "arn": "arn:aws:connect:us-east-1:083407797149:instance/0b908b8d-8be9-47d9-99a1-2b462032dc3e/agent-group-level/4",
                    "id": "f3b4bb0d-5f1d-42e7-af9f-606f7671b913",
                    "name": "levelfour"
                  }
                ],
                "level_one": [
                  {
                    "arn": "arn:aws:connect:us-east-1:083407797149:instance/0b908b8d-8be9-47d9-99a1-2b462032dc3e/agent-group-level/1",
                    "id": "0a34d6ff-03a3-466c-a6ff-a7090dea68da",
                    "name": "levelone"
                  }
                ],
                "level_three": [
                  {
                    "arn": "arn:aws:connect:us-east-1:083407797149:instance/0b908b8d-8be9-47d9-99a1-2b462032dc3e/agent-group-level/3",
                    "id": "00959f9d-e955-462b-baca-540dd32295f4",
                    "name": "levelthree"
                  }
                ],
                "level_two": [
                  {
                    "arn": "arn:aws:connect:us-east-1:083407797149:instance/0b908b8d-8be9-47d9-99a1-2b462032dc3e/agent-group-level/2",
                    "id": "eb760956-a4bd-4445-aff7-0d5febfe5ec1",
                    "name": "leveltwo"
                  }
                ]
              }
            ],
            "id": "0b908b8d-8be9-47d9-99a1-2b462032dc3e",
            "instance_id": "0b908b8d-8be9-47d9-99a1-2b462032dc3e"
          },
          "sensitive_attributes": [],
          "private": "bnVsbA==",
          "dependencies": [
            "module.connect_instance.aws_connect_instance.connect_instance"
          ]
        }
      ]
    }
  ],
  "check_results": []
}
